
Microsoft Visual Studio Solution File, Format Version 12.00
# Visual Studio 14
VisualStudioVersion = 14.0.25420.1
MinimumVisualStudioVersion = 10.0.40219.1
Project("{FAE04EC0-301F-11D3-BF4B-00C04F79EFBC}") = "Ej1", "Ej1\Ej1.csproj", "{D94D67F2-87A0-44DC-ACD3-84A311B99EC0}"
EndProject
Project("{FAE04EC0-301F-11D3-BF4B-00C04F79EFBC}") = "Ej2", "Ej2\Ej2.csproj", "{594690B7-86BC-42C6-8F01-C57694B1715A}"
EndProject
Project("{FAE04EC0-301F-11D3-BF4B-00C04F79EFBC}") = "Ej3", "Ej3\Ej3.csproj", "{D8070D7A-8784-45A3-9B53-21782A9FDE71}"
EndProject
Project("{FAE04EC0-301F-11D3-BF4B-00C04F79EFBC}") = "Ej4", "Ej4\Ej4.csproj", "{5771891F-321D-4C1B-B730-DCEE07D7CC44}"
EndProject
Project("{FAE04EC0-301F-11D3-BF4B-00C04F79EFBC}") = "Ej5", "Ej5\Ej5.csproj", "{65B26E73-3BF6-44FD-9F84-15EB20C15BC7}"
EndProject
Project("{FAE04EC0-301F-11D3-BF4B-00C04F79EFBC}") = "Ej6", "Ej6\Ej6.csproj", "{1614AA09-ED5D-485F-9562-666E77C03DA0}"
EndProject
Project("{FAE04EC0-301F-11D3-BF4B-00C04F79EFBC}") = "Ej7", "Ej7\Ej7.csproj", "{844A3286-18F5-483A-AA51-D54A3AE5F6EC}"
EndProject
Project("{FAE04EC0-301F-11D3-BF4B-00C04F79EFBC}") = "Ej8", "Ej8\Ej8.csproj", "{9620344F-D83B-401B-900D-DDA32B28F510}"
EndProject
Project("{FAE04EC0-301F-11D3-BF4B-00C04F79EFBC}") = "Ej9", "Ej9\Ej9.csproj", "{57025843-CCBB-4D84-9709-487726095504}"
EndProject
Project("{FAE04EC0-301F-11D3-BF4B-00C04F79EFBC}") = "Ej10", "Ej10\Ej10.csproj", "{A944736F-E744-4A6A-93AB-3135EB388103}"
EndProject
Project("{FAE04EC0-301F-11D3-BF4B-00C04F79EFBC}") = "Ej11", "Ej11\Ej11.csproj", "{5AB50CD2-E5AF-4E38-A2C4-3B5EEBDD5B75}"
EndProject
Project("{FAE04EC0-301F-11D3-BF4B-00C04F79EFBC}") = "Ej12", "Ej12\Ej12.csproj", "{7F990052-393B-4BEA-94F1-DED571E77ED2}"
EndProject
Project("{FAE04EC0-301F-11D3-BF4B-00C04F79EFBC}") = "Ej13", "Ej13\Ej13.csproj", "{DB904B4D-9C71-4385-8797-74127642E514}"
EndProject
Project("{FAE04EC0-301F-11D3-BF4B-00C04F79EFBC}") = "Ej14", "Ej14\Ej14.csproj", "{2EB615AE-CFA7-4EAA-BD8F-FC8F76A3C434}"
EndProject
Project("{FAE04EC0-301F-11D3-BF4B-00C04F79EFBC}") = "Ej15", "Ej15\Ej15.csproj", "{94F06208-32C5-4835-9652-778165594D23}"
EndProject
Project("{FAE04EC0-301F-11D3-BF4B-00C04F79EFBC}") = "Ej16", "Ej16\Ej16.csproj", "{15B74878-0415-4B42-9A8C-5A6D13F970AB}"
EndProject
Global
	GlobalSection(SolutionConfigurationPlatforms) = preSolution
		Debug|Any CPU = Debug|Any CPU
		Release|Any CPU = Release|Any CPU
	EndGlobalSection
	GlobalSection(ProjectConfigurationPlatforms) = postSolution
		{D94D67F2-87A0-44DC-ACD3-84A311B99EC0}.Debug|Any CPU.ActiveCfg = Debug|Any CPU
		{D94D67F2-87A0-44DC-ACD3-84A311B99EC0}.Debug|Any CPU.Build.0 = Debug|Any CPU
		{D94D67F2-87A0-44DC-ACD3-84A311B99EC0}.Release|Any CPU.ActiveCfg = Release|Any CPU
		{D94D67F2-87A0-44DC-ACD3-84A311B99EC0}.Release|Any CPU.Build.0 = Release|Any CPU
		{594690B7-86BC-42C6-8F01-C57694B1715A}.Debug|Any CPU.ActiveCfg = Debug|Any CPU
		{594690B7-86BC-42C6-8F01-C57694B1715A}.Debug|Any CPU.Build.0 = Debug|Any CPU
		{594690B7-86BC-42C6-8F01-C57694B1715A}.Release|Any CPU.ActiveCfg = Release|Any CPU
		{594690B7-86BC-42C6-8F01-C57694B1715A}.Release|Any CPU.Build.0 = Release|Any CPU
		{D8070D7A-8784-45A3-9B53-21782A9FDE71}.Debug|Any CPU.ActiveCfg = Debug|Any CPU
		{D8070D7A-8784-45A3-9B53-21782A9FDE71}.Debug|Any CPU.Build.0 = Debug|Any CPU
		{D8070D7A-8784-45A3-9B53-21782A9FDE71}.Release|Any CPU.ActiveCfg = Release|Any CPU
		{D8070D7A-8784-45A3-9B53-21782A9FDE71}.Release|Any CPU.Build.0 = Release|Any CPU
		{5771891F-321D-4C1B-B730-DCEE07D7CC44}.Debug|Any CPU.ActiveCfg = Debug|Any CPU
		{5771891F-321D-4C1B-B730-DCEE07D7CC44}.Debug|Any CPU.Build.0 = Debug|Any CPU
		{5771891F-321D-4C1B-B730-DCEE07D7CC44}.Release|Any CPU.ActiveCfg = Release|Any CPU
		{5771891F-321D-4C1B-B730-DCEE07D7CC44}.Release|Any CPU.Build.0 = Release|Any CPU
		{65B26E73-3BF6-44FD-9F84-15EB20C15BC7}.Debug|Any CPU.ActiveCfg = Debug|Any CPU
		{65B26E73-3BF6-44FD-9F84-15EB20C15BC7}.Debug|Any CPU.Build.0 = Debug|Any CPU
		{65B26E73-3BF6-44FD-9F84-15EB20C15BC7}.Release|Any CPU.ActiveCfg = Release|Any CPU
		{65B26E73-3BF6-44FD-9F84-15EB20C15BC7}.Release|Any CPU.Build.0 = Release|Any CPU
		{1614AA09-ED5D-485F-9562-666E77C03DA0}.Debug|Any CPU.ActiveCfg = Debug|Any CPU
		{1614AA09-ED5D-485F-9562-666E77C03DA0}.Debug|Any CPU.Build.0 = Debug|Any CPU
		{1614AA09-ED5D-485F-9562-666E77C03DA0}.Release|Any CPU.ActiveCfg = Release|Any CPU
		{1614AA09-ED5D-485F-9562-666E77C03DA0}.Release|Any CPU.Build.0 = Release|Any CPU
		{844A3286-18F5-483A-AA51-D54A3AE5F6EC}.Debug|Any CPU.ActiveCfg = Debug|Any CPU
		{844A3286-18F5-483A-AA51-D54A3AE5F6EC}.Debug|Any CPU.Build.0 = Debug|Any CPU
		{844A3286-18F5-483A-AA51-D54A3AE5F6EC}.Release|Any CPU.ActiveCfg = Release|Any CPU
		{844A3286-18F5-483A-AA51-D54A3AE5F6EC}.Release|Any CPU.Build.0 = Release|Any CPU
		{9620344F-D83B-401B-900D-DDA32B28F510}.Debug|Any CPU.ActiveCfg = Debug|Any CPU
		{9620344F-D83B-401B-900D-DDA32B28F510}.Debug|Any CPU.Build.0 = Debug|Any CPU
		{9620344F-D83B-401B-900D-DDA32B28F510}.Release|Any CPU.ActiveCfg = Release|Any CPU
		{9620344F-D83B-401B-900D-DDA32B28F510}.Release|Any CPU.Build.0 = Release|Any CPU
		{57025843-CCBB-4D84-9709-487726095504}.Debug|Any CPU.ActiveCfg = Debug|Any CPU
		{57025843-CCBB-4D84-9709-487726095504}.Debug|Any CPU.Build.0 = Debug|Any CPU
		{57025843-CCBB-4D84-9709-487726095504}.Release|Any CPU.ActiveCfg = Release|Any CPU
		{57025843-CCBB-4D84-9709-487726095504}.Release|Any CPU.Build.0 = Release|Any CPU
		{A944736F-E744-4A6A-93AB-3135EB388103}.Debug|Any CPU.ActiveCfg = Debug|Any CPU
		{A944736F-E744-4A6A-93AB-3135EB388103}.Debug|Any CPU.Build.0 = Debug|Any CPU
		{A944736F-E744-4A6A-93AB-3135EB388103}.Release|Any CPU.ActiveCfg = Release|Any CPU
		{A944736F-E744-4A6A-93AB-3135EB388103}.Release|Any CPU.Build.0 = Release|Any CPU
		{5AB50CD2-E5AF-4E38-A2C4-3B5EEBDD5B75}.Debug|Any CPU.ActiveCfg = Debug|Any CPU
		{5AB50CD2-E5AF-4E38-A2C4-3B5EEBDD5B75}.Debug|Any CPU.Build.0 = Debug|Any CPU
		{5AB50CD2-E5AF-4E38-A2C4-3B5EEBDD5B75}.Release|Any CPU.ActiveCfg = Release|Any CPU
		{5AB50CD2-E5AF-4E38-A2C4-3B5EEBDD5B75}.Release|Any CPU.Build.0 = Release|Any CPU
		{7F990052-393B-4BEA-94F1-DED571E77ED2}.Debug|Any CPU.ActiveCfg = Debug|Any CPU
		{7F990052-393B-4BEA-94F1-DED571E77ED2}.Debug|Any CPU.Build.0 = Debug|Any CPU
		{7F990052-393B-4BEA-94F1-DED571E77ED2}.Release|Any CPU.ActiveCfg = Release|Any CPU
		{7F990052-393B-4BEA-94F1-DED571E77ED2}.Release|Any CPU.Build.0 = Release|Any CPU
		{DB904B4D-9C71-4385-8797-74127642E514}.Debug|Any CPU.ActiveCfg = Debug|Any CPU
		{DB904B4D-9C71-4385-8797-74127642E514}.Debug|Any CPU.Build.0 = Debug|Any CPU
		{DB904B4D-9C71-4385-8797-74127642E514}.Release|Any CPU.ActiveCfg = Release|Any CPU
		{DB904B4D-9C71-4385-8797-74127642E514}.Release|Any CPU.Build.0 = Release|Any CPU
		{2EB615AE-CFA7-4EAA-BD8F-FC8F76A3C434}.Debug|Any CPU.ActiveCfg = Debug|Any CPU
		{2EB615AE-CFA7-4EAA-BD8F-FC8F76A3C434}.Debug|Any CPU.Build.0 = Debug|Any CPU
		{2EB615AE-CFA7-4EAA-BD8F-FC8F76A3C434}.Release|Any CPU.ActiveCfg = Release|Any CPU
		{2EB615AE-CFA7-4EAA-BD8F-FC8F76A3C434}.Release|Any CPU.Build.0 = Release|Any CPU
		{94F06208-32C5-4835-9652-778165594D23}.Debug|Any CPU.ActiveCfg = Debug|Any CPU
		{94F06208-32C5-4835-9652-778165594D23}.Debug|Any CPU.Build.0 = Debug|Any CPU
		{94F06208-32C5-4835-9652-778165594D23}.Release|Any CPU.ActiveCfg = Release|Any CPU
		{94F06208-32C5-4835-9652-778165594D23}.Release|Any CPU.Build.0 = Release|Any CPU
		{15B74878-0415-4B42-9A8C-5A6D13F970AB}.Debug|Any CPU.ActiveCfg = Debug|Any CPU
		{15B74878-0415-4B42-9A8C-5A6D13F970AB}.Debug|Any CPU.Build.0 = Debug|Any CPU
		{15B74878-0415-4B42-9A8C-5A6D13F970AB}.Release|Any CPU.ActiveCfg = Release|Any CPU
		{15B74878-0415-4B42-9A8C-5A6D13F970AB}.Release|Any CPU.Build.0 = Release|Any CPU
	EndGlobalSection
	GlobalSection(SolutionProperties) = preSolution
		HideSolutionNode = FALSE
	EndGlobalSection
EndGlobal
